
Microsoft Visual Studio Solution File, Format Version 12.00
# Visual Studio Version 16
VisualStudioVersion = 16.0.29728.190
MinimumVisualStudioVersion = 10.0.40219.1
Project("{9A19103F-16F7-4668-BE54-9A1E7A4F7556}") = "NatsNlogExample", "NatsNlogExample\NatsNlogExample.csproj", "{FFDD6A52-68F2-4C43-B449-3868C615F187}"
EndProject
Project("{9A19103F-16F7-4668-BE54-9A1E7A4F7556}") = "NatsNlogConsumer", "NatsNlogConsumer\NatsNlogConsumer.csproj", "{B60AD4E9-E810-4B3A-B1C1-B188D06192C7}"
EndProject
Project("{9A19103F-16F7-4668-BE54-9A1E7A4F7556}") = "NatsStreamingServerInstaller", "NatsStreamingServerInstaller\NatsStreamingServerInstaller.csproj", "{C8710BF0-9F05-46D7-A132-D7531CAEEC8B}"
EndProject
Project("{E53339B2-1760-4266-BCC7-CA923CBCF16C}") = "docker-compose", "docker-compose.dcproj", "{7B10B7A1-66FA-43EB-B76A-6C381FBAB94B}"
EndProject
Project("{2150E333-8FDC-42A3-9474-1A3956D46DE8}") = "Assets", "Assets", "{0727BEE8-5C58-48D0-8D55-F289EFF59FDE}"
	ProjectSection(SolutionItems) = preProject
		nats-nlog-example.drawio = nats-nlog-example.drawio
		nats-nlog-example.png = nats-nlog-example.png
		NATS_Brokered_Throughput.png = NATS_Brokered_Throughput.png
		nuget.config = nuget.config
		README.md = README.md
	EndProjectSection
EndProject
Project("{9A19103F-16F7-4668-BE54-9A1E7A4F7556}") = "NatsNlogTargets", "NatsNlogTargets\NatsNlogTargets.csproj", "{B18DD622-FB7D-458A-9C41-1A111B9C3BB3}"
EndProject
Global
	GlobalSection(SolutionConfigurationPlatforms) = preSolution
		Debug|Any CPU = Debug|Any CPU
		Release|Any CPU = Release|Any CPU
	EndGlobalSection
	GlobalSection(ProjectConfigurationPlatforms) = postSolution
		{FFDD6A52-68F2-4C43-B449-3868C615F187}.Debug|Any CPU.ActiveCfg = Debug|Any CPU
		{FFDD6A52-68F2-4C43-B449-3868C615F187}.Debug|Any CPU.Build.0 = Debug|Any CPU
		{FFDD6A52-68F2-4C43-B449-3868C615F187}.Release|Any CPU.ActiveCfg = Release|Any CPU
		{FFDD6A52-68F2-4C43-B449-3868C615F187}.Release|Any CPU.Build.0 = Release|Any CPU
		{B60AD4E9-E810-4B3A-B1C1-B188D06192C7}.Debug|Any CPU.ActiveCfg = Debug|Any CPU
		{B60AD4E9-E810-4B3A-B1C1-B188D06192C7}.Debug|Any CPU.Build.0 = Debug|Any CPU
		{B60AD4E9-E810-4B3A-B1C1-B188D06192C7}.Release|Any CPU.ActiveCfg = Release|Any CPU
		{B60AD4E9-E810-4B3A-B1C1-B188D06192C7}.Release|Any CPU.Build.0 = Release|Any CPU
		{C8710BF0-9F05-46D7-A132-D7531CAEEC8B}.Debug|Any CPU.ActiveCfg = Debug|Any CPU
		{C8710BF0-9F05-46D7-A132-D7531CAEEC8B}.Debug|Any CPU.Build.0 = Debug|Any CPU
		{C8710BF0-9F05-46D7-A132-D7531CAEEC8B}.Release|Any CPU.ActiveCfg = Release|Any CPU
		{C8710BF0-9F05-46D7-A132-D7531CAEEC8B}.Release|Any CPU.Build.0 = Release|Any CPU
		{7B10B7A1-66FA-43EB-B76A-6C381FBAB94B}.Debug|Any CPU.ActiveCfg = Debug|Any CPU
		{7B10B7A1-66FA-43EB-B76A-6C381FBAB94B}.Debug|Any CPU.Build.0 = Debug|Any CPU
		{7B10B7A1-66FA-43EB-B76A-6C381FBAB94B}.Release|Any CPU.ActiveCfg = Release|Any CPU
		{7B10B7A1-66FA-43EB-B76A-6C381FBAB94B}.Release|Any CPU.Build.0 = Release|Any CPU
		{B18DD622-FB7D-458A-9C41-1A111B9C3BB3}.Debug|Any CPU.ActiveCfg = Debug|Any CPU
		{B18DD622-FB7D-458A-9C41-1A111B9C3BB3}.Debug|Any CPU.Build.0 = Debug|Any CPU
		{B18DD622-FB7D-458A-9C41-1A111B9C3BB3}.Release|Any CPU.ActiveCfg = Release|Any CPU
		{B18DD622-FB7D-458A-9C41-1A111B9C3BB3}.Release|Any CPU.Build.0 = Release|Any CPU
	EndGlobalSection
	GlobalSection(SolutionProperties) = preSolution
		HideSolutionNode = FALSE
	EndGlobalSection
	GlobalSection(ExtensibilityGlobals) = postSolution
		SolutionGuid = {5D4594DA-9596-4F98-A8CF-DC32933E2996}
	EndGlobalSection
EndGlobal
